{
  "pins" : [
    {
      "identity" : "stocksapi_spm",
      "kind" : "remoteSourceControl",
      "location" : "git@github.com:redsubmarine/StocksAPI_SPM.git",
      "state" : {
        "branch" : "main",
        "revision" : "77f83aa73696b75621b6f12d39268c451e81408b"
      }
    }
  ],
  "version" : 2
}
