// !$*UTF8*$!
{
	archiveVersion = 1;
	classes = {
	};
	objectVersion = 56;
	objects = {

/* Begin PBXBuildFile section */
		9DD9E4CD29A649250026264D /* StocksApp.swift in Sources */ = {isa = PBXBuildFile; fileRef = 9DD9E4CC29A649250026264D /* StocksApp.swift */; };
		9DD9E4CF29A649250026264D /* MainListView.swift in Sources */ = {isa = PBXBuildFile; fileRef = 9DD9E4CE29A649250026264D /* MainListView.swift */; };
		9DD9E4D129A649260026264D /* Assets.xcassets in Resources */ = {isa = PBXBuildFile; fileRef = 9DD9E4D029A649260026264D /* Assets.xcassets */; };
		9DD9E4D429A649260026264D /* Preview Assets.xcassets in Resources */ = {isa = PBXBuildFile; fileRef = 9DD9E4D329A649260026264D /* Preview Assets.xcassets */; };
		9DD9E4DE29A649260026264D /* StocksAppTests.swift in Sources */ = {isa = PBXBuildFile; fileRef = 9DD9E4DD29A649260026264D /* StocksAppTests.swift */; };
		9DD9E4E829A649260026264D /* StocksAppUITests.swift in Sources */ = {isa = PBXBuildFile; fileRef = 9DD9E4E729A649260026264D /* StocksAppUITests.swift */; };
		9DD9E4EA29A649260026264D /* StocksAppUITestsLaunchTests.swift in Sources */ = {isa = PBXBuildFile; fileRef = 9DD9E4E929A649260026264D /* StocksAppUITestsLaunchTests.swift */; };
		9DD9E4FB29A65F710026264D /* TickerListRowData.swift in Sources */ = {isa = PBXBuildFile; fileRef = 9DD9E4FA29A65F710026264D /* TickerListRowData.swift */; };
		9DD9E4FE29A65FD60026264D /* TickerListRowView.swift in Sources */ = {isa = PBXBuildFile; fileRef = 9DD9E4FD29A65FD60026264D /* TickerListRowView.swift */; };
		9DD9E50129A663690026264D /* EmptyStateView.swift in Sources */ = {isa = PBXBuildFile; fileRef = 9DD9E50029A663690026264D /* EmptyStateView.swift */; };
		9DD9E50329A663B70026264D /* ErrorStateView.swift in Sources */ = {isa = PBXBuildFile; fileRef = 9DD9E50229A663B70026264D /* ErrorStateView.swift */; };
		9DD9E50529A664960026264D /* LoadingStateView.swift in Sources */ = {isa = PBXBuildFile; fileRef = 9DD9E50429A664960026264D /* LoadingStateView.swift */; };
		9DD9E50829A664CD0026264D /* AppViewModel.swift in Sources */ = {isa = PBXBuildFile; fileRef = 9DD9E50729A664CD0026264D /* AppViewModel.swift */; };
		9DD9E50B29A665290026264D /* Stubs.swift in Sources */ = {isa = PBXBuildFile; fileRef = 9DD9E50A29A665290026264D /* Stubs.swift */; };
		9DD9E50D29A665AB0026264D /* QuotesViewModel.swift in Sources */ = {isa = PBXBuildFile; fileRef = 9DD9E50C29A665AB0026264D /* QuotesViewModel.swift */; };
		9DD9E50F29A665F60026264D /* Utils.swift in Sources */ = {isa = PBXBuildFile; fileRef = 9DD9E50E29A665F60026264D /* Utils.swift */; };
		9DD9E51229A6669C0026264D /* Quote+Extensions.swift in Sources */ = {isa = PBXBuildFile; fileRef = 9DD9E51129A6669C0026264D /* Quote+Extensions.swift */; };
		9DD9E51829A669560026264D /* StocksAPI in Frameworks */ = {isa = PBXBuildFile; productRef = 9DD9E51729A669560026264D /* StocksAPI */; };
		9DD9E51A29A66E330026264D /* FetchPhase.swift in Sources */ = {isa = PBXBuildFile; fileRef = 9DD9E51929A66E330026264D /* FetchPhase.swift */; };
		9DD9E51C29A66E8B0026264D /* SearchViewModel.swift in Sources */ = {isa = PBXBuildFile; fileRef = 9DD9E51B29A66E8B0026264D /* SearchViewModel.swift */; };
		9DD9E51E29A702C60026264D /* SearchView.swift in Sources */ = {isa = PBXBuildFile; fileRef = 9DD9E51D29A702C60026264D /* SearchView.swift */; };
		9DD9E52129A70A130026264D /* AppStocksAPI.swift in Sources */ = {isa = PBXBuildFile; fileRef = 9DD9E52029A70A130026264D /* AppStocksAPI.swift */; };
		9DD9E52329A70AE20026264D /* MockStocksAPI.swift in Sources */ = {isa = PBXBuildFile; fileRef = 9DD9E52229A70AE20026264D /* MockStocksAPI.swift */; };
		9DD9E52529A72F0D0026264D /* TickerListRepository.swift in Sources */ = {isa = PBXBuildFile; fileRef = 9DD9E52429A72F0D0026264D /* TickerListRepository.swift */; };
		9DD9E52729A7307A0026264D /* MockTickerListRepository.swift in Sources */ = {isa = PBXBuildFile; fileRef = 9DD9E52629A7307A0026264D /* MockTickerListRepository.swift */; };
		9DD9E52A29A73B1B0026264D /* StockTickerView.swift in Sources */ = {isa = PBXBuildFile; fileRef = 9DD9E52929A73B1B0026264D /* StockTickerView.swift */; };
		9DD9E52C29A73B3D0026264D /* TickerQuoteViewModel.swift in Sources */ = {isa = PBXBuildFile; fileRef = 9DD9E52B29A73B3D0026264D /* TickerQuoteViewModel.swift */; };
		9DD9E52E29A749B60026264D /* DateRangePickerView.swift in Sources */ = {isa = PBXBuildFile; fileRef = 9DD9E52D29A749B60026264D /* DateRangePickerView.swift */; };
		9DD9E53029A74A680026264D /* ChartRange+Extensions.swift in Sources */ = {isa = PBXBuildFile; fileRef = 9DD9E52F29A74A680026264D /* ChartRange+Extensions.swift */; };
		9DD9E53229A74EA10026264D /* QuoteDetailRowColumnView.swift in Sources */ = {isa = PBXBuildFile; fileRef = 9DD9E53129A74EA10026264D /* QuoteDetailRowColumnView.swift */; };
		9DD9E53429A74FF30026264D /* Foundation+Extensions.swift in Sources */ = {isa = PBXBuildFile; fileRef = 9DD9E53329A74FF30026264D /* Foundation+Extensions.swift */; };
		9DD9E53629A762680026264D /* ChartViewData.swift in Sources */ = {isa = PBXBuildFile; fileRef = 9DD9E53529A762680026264D /* ChartViewData.swift */; };
		9DD9E53829A762D90026264D /* ChartViewModel.swift in Sources */ = {isa = PBXBuildFile; fileRef = 9DD9E53729A762D90026264D /* ChartViewModel.swift */; };
		9DD9E53A29A765570026264D /* Chart+Stubs.swift in Sources */ = {isa = PBXBuildFile; fileRef = 9DD9E53929A765570026264D /* Chart+Stubs.swift */; };
		9DD9E53C29A766520026264D /* ChartView.swift in Sources */ = {isa = PBXBuildFile; fileRef = 9DD9E53B29A766520026264D /* ChartView.swift */; };
/* End PBXBuildFile section */

/* Begin PBXContainerItemProxy section */
		9DD9E4DA29A649260026264D /* PBXContainerItemProxy */ = {
			isa = PBXContainerItemProxy;
			containerPortal = 9DD9E4C129A649250026264D /* Project object */;
			proxyType = 1;
			remoteGlobalIDString = 9DD9E4C829A649250026264D;
			remoteInfo = StocksApp;
		};
		9DD9E4E429A649260026264D /* PBXContainerItemProxy */ = {
			isa = PBXContainerItemProxy;
			containerPortal = 9DD9E4C129A649250026264D /* Project object */;
			proxyType = 1;
			remoteGlobalIDString = 9DD9E4C829A649250026264D;
			remoteInfo = StocksApp;
		};
/* End PBXContainerItemProxy section */

/* Begin PBXFileReference section */
		9DD9E4C929A649250026264D /* StocksApp.app */ = {isa = PBXFileReference; explicitFileType = wrapper.application; includeInIndex = 0; path = StocksApp.app; sourceTree = BUILT_PRODUCTS_DIR; };
		9DD9E4CC29A649250026264D /* StocksApp.swift */ = {isa = PBXFileReference; lastKnownFileType = sourcecode.swift; path = StocksApp.swift; sourceTree = "<group>"; };
		9DD9E4CE29A649250026264D /* MainListView.swift */ = {isa = PBXFileReference; lastKnownFileType = sourcecode.swift; path = MainListView.swift; sourceTree = "<group>"; };
		9DD9E4D029A649260026264D /* Assets.xcassets */ = {isa = PBXFileReference; lastKnownFileType = folder.assetcatalog; path = Assets.xcassets; sourceTree = "<group>"; };
		9DD9E4D329A649260026264D /* Preview Assets.xcassets */ = {isa = PBXFileReference; lastKnownFileType = folder.assetcatalog; path = "Preview Assets.xcassets"; sourceTree = "<group>"; };
		9DD9E4D929A649260026264D /* StocksAppTests.xctest */ = {isa = PBXFileReference; explicitFileType = wrapper.cfbundle; includeInIndex = 0; path = StocksAppTests.xctest; sourceTree = BUILT_PRODUCTS_DIR; };
		9DD9E4DD29A649260026264D /* StocksAppTests.swift */ = {isa = PBXFileReference; lastKnownFileType = sourcecode.swift; path = StocksAppTests.swift; sourceTree = "<group>"; };
		9DD9E4E329A649260026264D /* StocksAppUITests.xctest */ = {isa = PBXFileReference; explicitFileType = wrapper.cfbundle; includeInIndex = 0; path = StocksAppUITests.xctest; sourceTree = BUILT_PRODUCTS_DIR; };
		9DD9E4E729A649260026264D /* StocksAppUITests.swift */ = {isa = PBXFileReference; lastKnownFileType = sourcecode.swift; path = StocksAppUITests.swift; sourceTree = "<group>"; };
		9DD9E4E929A649260026264D /* StocksAppUITestsLaunchTests.swift */ = {isa = PBXFileReference; lastKnownFileType = sourcecode.swift; path = StocksAppUITestsLaunchTests.swift; sourceTree = "<group>"; };
		9DD9E4FA29A65F710026264D /* TickerListRowData.swift */ = {isa = PBXFileReference; lastKnownFileType = sourcecode.swift; path = TickerListRowData.swift; sourceTree = "<group>"; };
		9DD9E4FD29A65FD60026264D /* TickerListRowView.swift */ = {isa = PBXFileReference; lastKnownFileType = sourcecode.swift; path = TickerListRowView.swift; sourceTree = "<group>"; };
		9DD9E50029A663690026264D /* EmptyStateView.swift */ = {isa = PBXFileReference; lastKnownFileType = sourcecode.swift; path = EmptyStateView.swift; sourceTree = "<group>"; };
		9DD9E50229A663B70026264D /* ErrorStateView.swift */ = {isa = PBXFileReference; lastKnownFileType = sourcecode.swift; path = ErrorStateView.swift; sourceTree = "<group>"; };
		9DD9E50429A664960026264D /* LoadingStateView.swift */ = {isa = PBXFileReference; lastKnownFileType = sourcecode.swift; path = LoadingStateView.swift; sourceTree = "<group>"; };
		9DD9E50729A664CD0026264D /* AppViewModel.swift */ = {isa = PBXFileReference; lastKnownFileType = sourcecode.swift; path = AppViewModel.swift; sourceTree = "<group>"; };
		9DD9E50A29A665290026264D /* Stubs.swift */ = {isa = PBXFileReference; lastKnownFileType = sourcecode.swift; path = Stubs.swift; sourceTree = "<group>"; };
		9DD9E50C29A665AB0026264D /* QuotesViewModel.swift */ = {isa = PBXFileReference; lastKnownFileType = sourcecode.swift; path = QuotesViewModel.swift; sourceTree = "<group>"; };
		9DD9E50E29A665F60026264D /* Utils.swift */ = {isa = PBXFileReference; lastKnownFileType = sourcecode.swift; path = Utils.swift; sourceTree = "<group>"; };
		9DD9E51129A6669C0026264D /* Quote+Extensions.swift */ = {isa = PBXFileReference; lastKnownFileType = sourcecode.swift; path = "Quote+Extensions.swift"; sourceTree = "<group>"; };
		9DD9E51929A66E330026264D /* FetchPhase.swift */ = {isa = PBXFileReference; lastKnownFileType = sourcecode.swift; path = FetchPhase.swift; sourceTree = "<group>"; };
		9DD9E51B29A66E8B0026264D /* SearchViewModel.swift */ = {isa = PBXFileReference; lastKnownFileType = sourcecode.swift; path = SearchViewModel.swift; sourceTree = "<group>"; };
		9DD9E51D29A702C60026264D /* SearchView.swift */ = {isa = PBXFileReference; lastKnownFileType = sourcecode.swift; path = SearchView.swift; sourceTree = "<group>"; };
		9DD9E52029A70A130026264D /* AppStocksAPI.swift */ = {isa = PBXFileReference; lastKnownFileType = sourcecode.swift; path = AppStocksAPI.swift; sourceTree = "<group>"; };
		9DD9E52229A70AE20026264D /* MockStocksAPI.swift */ = {isa = PBXFileReference; lastKnownFileType = sourcecode.swift; path = MockStocksAPI.swift; sourceTree = "<group>"; };
		9DD9E52429A72F0D0026264D /* TickerListRepository.swift */ = {isa = PBXFileReference; lastKnownFileType = sourcecode.swift; path = TickerListRepository.swift; sourceTree = "<group>"; };
		9DD9E52629A7307A0026264D /* MockTickerListRepository.swift */ = {isa = PBXFileReference; lastKnownFileType = sourcecode.swift; path = MockTickerListRepository.swift; sourceTree = "<group>"; };
		9DD9E52929A73B1B0026264D /* StockTickerView.swift */ = {isa = PBXFileReference; lastKnownFileType = sourcecode.swift; path = StockTickerView.swift; sourceTree = "<group>"; };
		9DD9E52B29A73B3D0026264D /* TickerQuoteViewModel.swift */ = {isa = PBXFileReference; lastKnownFileType = sourcecode.swift; path = TickerQuoteViewModel.swift; sourceTree = "<group>"; };
		9DD9E52D29A749B60026264D /* DateRangePickerView.swift */ = {isa = PBXFileReference; lastKnownFileType = sourcecode.swift; path = DateRangePickerView.swift; sourceTree = "<group>"; };
		9DD9E52F29A74A680026264D /* ChartRange+Extensions.swift */ = {isa = PBXFileReference; lastKnownFileType = sourcecode.swift; path = "ChartRange+Extensions.swift"; sourceTree = "<group>"; };
		9DD9E53129A74EA10026264D /* QuoteDetailRowColumnView.swift */ = {isa = PBXFileReference; lastKnownFileType = sourcecode.swift; path = QuoteDetailRowColumnView.swift; sourceTree = "<group>"; };
		9DD9E53329A74FF30026264D /* Foundation+Extensions.swift */ = {isa = PBXFileReference; lastKnownFileType = sourcecode.swift; path = "Foundation+Extensions.swift"; sourceTree = "<group>"; };
		9DD9E53529A762680026264D /* ChartViewData.swift */ = {isa = PBXFileReference; lastKnownFileType = sourcecode.swift; path = ChartViewData.swift; sourceTree = "<group>"; };
		9DD9E53729A762D90026264D /* ChartViewModel.swift */ = {isa = PBXFileReference; lastKnownFileType = sourcecode.swift; path = ChartViewModel.swift; sourceTree = "<group>"; };
		9DD9E53929A765570026264D /* Chart+Stubs.swift */ = {isa = PBXFileReference; lastKnownFileType = sourcecode.swift; path = "Chart+Stubs.swift"; sourceTree = "<group>"; };
		9DD9E53B29A766520026264D /* ChartView.swift */ = {isa = PBXFileReference; lastKnownFileType = sourcecode.swift; path = ChartView.swift; sourceTree = "<group>"; };
/* End PBXFileReference section */

/* Begin PBXFrameworksBuildPhase section */
		9DD9E4C629A649250026264D /* Frameworks */ = {
			isa = PBXFrameworksBuildPhase;
			buildActionMask = 2147483647;
			files = (
				9DD9E51829A669560026264D /* StocksAPI in Frameworks */,
			);
			runOnlyForDeploymentPostprocessing = 0;
		};
		9DD9E4D629A649260026264D /* Frameworks */ = {
			isa = PBXFrameworksBuildPhase;
			buildActionMask = 2147483647;
			files = (
			);
			runOnlyForDeploymentPostprocessing = 0;
		};
		9DD9E4E029A649260026264D /* Frameworks */ = {
			isa = PBXFrameworksBuildPhase;
			buildActionMask = 2147483647;
			files = (
			);
			runOnlyForDeploymentPostprocessing = 0;
		};
/* End PBXFrameworksBuildPhase section */

/* Begin PBXGroup section */
		9DD9E4C029A649250026264D = {
			isa = PBXGroup;
			children = (
				9DD9E4CB29A649250026264D /* StocksApp */,
				9DD9E4DC29A649260026264D /* StocksAppTests */,
				9DD9E4E629A649260026264D /* StocksAppUITests */,
				9DD9E4CA29A649250026264D /* Products */,
			);
			sourceTree = "<group>";
		};
		9DD9E4CA29A649250026264D /* Products */ = {
			isa = PBXGroup;
			children = (
				9DD9E4C929A649250026264D /* StocksApp.app */,
				9DD9E4D929A649260026264D /* StocksAppTests.xctest */,
				9DD9E4E329A649260026264D /* StocksAppUITests.xctest */,
			);
			name = Products;
			sourceTree = "<group>";
		};
		9DD9E4CB29A649250026264D /* StocksApp */ = {
			isa = PBXGroup;
			children = (
				9DD9E4CC29A649250026264D /* StocksApp.swift */,
				9DD9E51F29A709F10026264D /* Services */,
				9DD9E51029A666930026264D /* Extensions */,
				9DD9E50629A664BF0026264D /* View Models */,
				9DD9E4FC29A65FCD0026264D /* Views */,
				9DD9E4F929A65F640026264D /* Models */,
				9DD9E50929A665100026264D /* Mocks & Stubs */,
				9DD9E4D029A649260026264D /* Assets.xcassets */,
				9DD9E4D229A649260026264D /* Preview Content */,
				9DD9E50E29A665F60026264D /* Utils.swift */,
			);
			path = StocksApp;
			sourceTree = "<group>";
		};
		9DD9E4D229A649260026264D /* Preview Content */ = {
			isa = PBXGroup;
			children = (
				9DD9E4D329A649260026264D /* Preview Assets.xcassets */,
			);
			path = "Preview Content";
			sourceTree = "<group>";
		};
		9DD9E4DC29A649260026264D /* StocksAppTests */ = {
			isa = PBXGroup;
			children = (
				9DD9E4DD29A649260026264D /* StocksAppTests.swift */,
			);
			path = StocksAppTests;
			sourceTree = "<group>";
		};
		9DD9E4E629A649260026264D /* StocksAppUITests */ = {
			isa = PBXGroup;
			children = (
				9DD9E4E729A649260026264D /* StocksAppUITests.swift */,
				9DD9E4E929A649260026264D /* StocksAppUITestsLaunchTests.swift */,
			);
			path = StocksAppUITests;
			sourceTree = "<group>";
		};
		9DD9E4F929A65F640026264D /* Models */ = {
			isa = PBXGroup;
			children = (
				9DD9E4FA29A65F710026264D /* TickerListRowData.swift */,
				9DD9E51929A66E330026264D /* FetchPhase.swift */,
				9DD9E53529A762680026264D /* ChartViewData.swift */,
			);
			path = Models;
			sourceTree = "<group>";
		};
		9DD9E4FC29A65FCD0026264D /* Views */ = {
			isa = PBXGroup;
			children = (
				9DD9E52829A73B0C0026264D /* Stock Ticker Sheet Views */,
				9DD9E4FF29A663600026264D /* Common */,
				9DD9E4CE29A649250026264D /* MainListView.swift */,
				9DD9E4FD29A65FD60026264D /* TickerListRowView.swift */,
				9DD9E51D29A702C60026264D /* SearchView.swift */,
			);
			path = Views;
			sourceTree = "<group>";
		};
		9DD9E4FF29A663600026264D /* Common */ = {
			isa = PBXGroup;
			children = (
				9DD9E50029A663690026264D /* EmptyStateView.swift */,
				9DD9E50229A663B70026264D /* ErrorStateView.swift */,
				9DD9E50429A664960026264D /* LoadingStateView.swift */,
			);
			path = Common;
			sourceTree = "<group>";
		};
		9DD9E50629A664BF0026264D /* View Models */ = {
			isa = PBXGroup;
			children = (
				9DD9E50729A664CD0026264D /* AppViewModel.swift */,
				9DD9E50C29A665AB0026264D /* QuotesViewModel.swift */,
				9DD9E51B29A66E8B0026264D /* SearchViewModel.swift */,
				9DD9E53729A762D90026264D /* ChartViewModel.swift */,
				9DD9E52B29A73B3D0026264D /* TickerQuoteViewModel.swift */,
			);
			path = "View Models";
			sourceTree = "<group>";
		};
		9DD9E50929A665100026264D /* Mocks & Stubs */ = {
			isa = PBXGroup;
			children = (
				9DD9E50A29A665290026264D /* Stubs.swift */,
				9DD9E52229A70AE20026264D /* MockStocksAPI.swift */,
				9DD9E52629A7307A0026264D /* MockTickerListRepository.swift */,
				9DD9E53929A765570026264D /* Chart+Stubs.swift */,
			);
			path = "Mocks & Stubs";
			sourceTree = "<group>";
		};
		9DD9E51029A666930026264D /* Extensions */ = {
			isa = PBXGroup;
			children = (
				9DD9E51129A6669C0026264D /* Quote+Extensions.swift */,
				9DD9E52F29A74A680026264D /* ChartRange+Extensions.swift */,
				9DD9E53329A74FF30026264D /* Foundation+Extensions.swift */,
			);
			path = Extensions;
			sourceTree = "<group>";
		};
		9DD9E51F29A709F10026264D /* Services */ = {
			isa = PBXGroup;
			children = (
				9DD9E52029A70A130026264D /* AppStocksAPI.swift */,
				9DD9E52429A72F0D0026264D /* TickerListRepository.swift */,
			);
			path = Services;
			sourceTree = "<group>";
		};
		9DD9E52829A73B0C0026264D /* Stock Ticker Sheet Views */ = {
			isa = PBXGroup;
			children = (
				9DD9E52929A73B1B0026264D /* StockTickerView.swift */,
				9DD9E52D29A749B60026264D /* DateRangePickerView.swift */,
				9DD9E53129A74EA10026264D /* QuoteDetailRowColumnView.swift */,
				9DD9E53B29A766520026264D /* ChartView.swift */,
			);
			path = "Stock Ticker Sheet Views";
			sourceTree = "<group>";
		};
/* End PBXGroup section */

/* Begin PBXNativeTarget section */
		9DD9E4C829A649250026264D /* StocksApp */ = {
			isa = PBXNativeTarget;
			buildConfigurationList = 9DD9E4ED29A649260026264D /* Build configuration list for PBXNativeTarget "StocksApp" */;
			buildPhases = (
				9DD9E4C529A649250026264D /* Sources */,
				9DD9E4C629A649250026264D /* Frameworks */,
				9DD9E4C729A649250026264D /* Resources */,
			);
			buildRules = (
			);
			dependencies = (
			);
			name = StocksApp;
			packageProductDependencies = (
				9DD9E51729A669560026264D /* StocksAPI */,
			);
			productName = StocksApp;
			productReference = 9DD9E4C929A649250026264D /* StocksApp.app */;
			productType = "com.apple.product-type.application";
		};
		9DD9E4D829A649260026264D /* StocksAppTests */ = {
			isa = PBXNativeTarget;
			buildConfigurationList = 9DD9E4F029A649260026264D /* Build configuration list for PBXNativeTarget "StocksAppTests" */;
			buildPhases = (
				9DD9E4D529A649260026264D /* Sources */,
				9DD9E4D629A649260026264D /* Frameworks */,
				9DD9E4D729A649260026264D /* Resources */,
			);
			buildRules = (
			);
			dependencies = (
				9DD9E4DB29A649260026264D /* PBXTargetDependency */,
			);
			name = StocksAppTests;
			productName = StocksAppTests;
			productReference = 9DD9E4D929A649260026264D /* StocksAppTests.xctest */;
			productType = "com.apple.product-type.bundle.unit-test";
		};
		9DD9E4E229A649260026264D /* StocksAppUITests */ = {
			isa = PBXNativeTarget;
			buildConfigurationList = 9DD9E4F329A649260026264D /* Build configuration list for PBXNativeTarget "StocksAppUITests" */;
			buildPhases = (
				9DD9E4DF29A649260026264D /* Sources */,
				9DD9E4E029A649260026264D /* Frameworks */,
				9DD9E4E129A649260026264D /* Resources */,
			);
			buildRules = (
			);
			dependencies = (
				9DD9E4E529A649260026264D /* PBXTargetDependency */,
			);
			name = StocksAppUITests;
			productName = StocksAppUITests;
			productReference = 9DD9E4E329A649260026264D /* StocksAppUITests.xctest */;
			productType = "com.apple.product-type.bundle.ui-testing";
		};
/* End PBXNativeTarget section */

/* Begin PBXProject section */
		9DD9E4C129A649250026264D /* Project object */ = {
			isa = PBXProject;
			attributes = {
				BuildIndependentTargetsInParallel = 1;
				LastSwiftUpdateCheck = 1420;
				LastUpgradeCheck = 1420;
				TargetAttributes = {
					9DD9E4C829A649250026264D = {
						CreatedOnToolsVersion = 14.2;
					};
					9DD9E4D829A649260026264D = {
						CreatedOnToolsVersion = 14.2;
						TestTargetID = 9DD9E4C829A649250026264D;
					};
					9DD9E4E229A649260026264D = {
						CreatedOnToolsVersion = 14.2;
						TestTargetID = 9DD9E4C829A649250026264D;
					};
				};
			};
			buildConfigurationList = 9DD9E4C429A649250026264D /* Build configuration list for PBXProject "StocksApp" */;
			compatibilityVersion = "Xcode 14.0";
			developmentRegion = en;
			hasScannedForEncodings = 0;
			knownRegions = (
				en,
				Base,
			);
			mainGroup = 9DD9E4C029A649250026264D;
			packageReferences = (
				9DD9E51629A669560026264D /* XCRemoteSwiftPackageReference "StocksAPI_SPM" */,
			);
			productRefGroup = 9DD9E4CA29A649250026264D /* Products */;
			projectDirPath = "";
			projectRoot = "";
			targets = (
				9DD9E4C829A649250026264D /* StocksApp */,
				9DD9E4D829A649260026264D /* StocksAppTests */,
				9DD9E4E229A649260026264D /* StocksAppUITests */,
			);
		};
/* End PBXProject section */

/* Begin PBXResourcesBuildPhase section */
		9DD9E4C729A649250026264D /* Resources */ = {
			isa = PBXResourcesBuildPhase;
			buildActionMask = 2147483647;
			files = (
				9DD9E4D429A649260026264D /* Preview Assets.xcassets in Resources */,
				9DD9E4D129A649260026264D /* Assets.xcassets in Resources */,
			);
			runOnlyForDeploymentPostprocessing = 0;
		};
		9DD9E4D729A649260026264D /* Resources */ = {
			isa = PBXResourcesBuildPhase;
			buildActionMask = 2147483647;
			files = (
			);
			runOnlyForDeploymentPostprocessing = 0;
		};
		9DD9E4E129A649260026264D /* Resources */ = {
			isa = PBXResourcesBuildPhase;
			buildActionMask = 2147483647;
			files = (
			);
			runOnlyForDeploymentPostprocessing = 0;
		};
/* End PBXResourcesBuildPhase section */

/* Begin PBXSourcesBuildPhase section */
		9DD9E4C529A649250026264D /* Sources */ = {
			isa = PBXSourcesBuildPhase;
			buildActionMask = 2147483647;
			files = (
				9DD9E50B29A665290026264D /* Stubs.swift in Sources */,
				9DD9E52A29A73B1B0026264D /* StockTickerView.swift in Sources */,
				9DD9E53A29A765570026264D /* Chart+Stubs.swift in Sources */,
				9DD9E50529A664960026264D /* LoadingStateView.swift in Sources */,
				9DD9E53429A74FF30026264D /* Foundation+Extensions.swift in Sources */,
				9DD9E51A29A66E330026264D /* FetchPhase.swift in Sources */,
				9DD9E53C29A766520026264D /* ChartView.swift in Sources */,
				9DD9E53029A74A680026264D /* ChartRange+Extensions.swift in Sources */,
				9DD9E53829A762D90026264D /* ChartViewModel.swift in Sources */,
				9DD9E4CF29A649250026264D /* MainListView.swift in Sources */,
				9DD9E50D29A665AB0026264D /* QuotesViewModel.swift in Sources */,
				9DD9E53229A74EA10026264D /* QuoteDetailRowColumnView.swift in Sources */,
				9DD9E52C29A73B3D0026264D /* TickerQuoteViewModel.swift in Sources */,
				9DD9E50829A664CD0026264D /* AppViewModel.swift in Sources */,
				9DD9E4CD29A649250026264D /* StocksApp.swift in Sources */,
				9DD9E52529A72F0D0026264D /* TickerListRepository.swift in Sources */,
				9DD9E52E29A749B60026264D /* DateRangePickerView.swift in Sources */,
				9DD9E50129A663690026264D /* EmptyStateView.swift in Sources */,
				9DD9E51C29A66E8B0026264D /* SearchViewModel.swift in Sources */,
				9DD9E50F29A665F60026264D /* Utils.swift in Sources */,
				9DD9E52329A70AE20026264D /* MockStocksAPI.swift in Sources */,
				9DD9E51E29A702C60026264D /* SearchView.swift in Sources */,
				9DD9E53629A762680026264D /* ChartViewData.swift in Sources */,
				9DD9E50329A663B70026264D /* ErrorStateView.swift in Sources */,
				9DD9E52729A7307A0026264D /* MockTickerListRepository.swift in Sources */,
				9DD9E4FB29A65F710026264D /* TickerListRowData.swift in Sources */,
				9DD9E51229A6669C0026264D /* Quote+Extensions.swift in Sources */,
				9DD9E4FE29A65FD60026264D /* TickerListRowView.swift in Sources */,
				9DD9E52129A70A130026264D /* AppStocksAPI.swift in Sources */,
			);
			runOnlyForDeploymentPostprocessing = 0;
		};
		9DD9E4D529A649260026264D /* Sources */ = {
			isa = PBXSourcesBuildPhase;
			buildActionMask = 2147483647;
			files = (
				9DD9E4DE29A649260026264D /* StocksAppTests.swift in Sources */,
			);
			runOnlyForDeploymentPostprocessing = 0;
		};
		9DD9E4DF29A649260026264D /* Sources */ = {
			isa = PBXSourcesBuildPhase;
			buildActionMask = 2147483647;
			files = (
				9DD9E4E829A649260026264D /* StocksAppUITests.swift in Sources */,
				9DD9E4EA29A649260026264D /* StocksAppUITestsLaunchTests.swift in Sources */,
			);
			runOnlyForDeploymentPostprocessing = 0;
		};
/* End PBXSourcesBuildPhase section */

/* Begin PBXTargetDependency section */
		9DD9E4DB29A649260026264D /* PBXTargetDependency */ = {
			isa = PBXTargetDependency;
			target = 9DD9E4C829A649250026264D /* StocksApp */;
			targetProxy = 9DD9E4DA29A649260026264D /* PBXContainerItemProxy */;
		};
		9DD9E4E529A649260026264D /* PBXTargetDependency */ = {
			isa = PBXTargetDependency;
			target = 9DD9E4C829A649250026264D /* StocksApp */;
			targetProxy = 9DD9E4E429A649260026264D /* PBXContainerItemProxy */;
		};
/* End PBXTargetDependency section */

/* Begin XCBuildConfiguration section */
		9DD9E4EB29A649260026264D /* Debug */ = {
			isa = XCBuildConfiguration;
			buildSettings = {
				ALWAYS_SEARCH_USER_PATHS = NO;
				CLANG_ANALYZER_NONNULL = YES;
				CLANG_ANALYZER_NUMBER_OBJECT_CONVERSION = YES_AGGRESSIVE;
				CLANG_CXX_LANGUAGE_STANDARD = "gnu++20";
				CLANG_ENABLE_MODULES = YES;
				CLANG_ENABLE_OBJC_ARC = YES;
				CLANG_ENABLE_OBJC_WEAK = YES;
				CLANG_WARN_BLOCK_CAPTURE_AUTORELEASING = YES;
				CLANG_WARN_BOOL_CONVERSION = YES;
				CLANG_WARN_COMMA = YES;
				CLANG_WARN_CONSTANT_CONVERSION = YES;
				CLANG_WARN_DEPRECATED_OBJC_IMPLEMENTATIONS = YES;
				CLANG_WARN_DIRECT_OBJC_ISA_USAGE = YES_ERROR;
				CLANG_WARN_DOCUMENTATION_COMMENTS = YES;
				CLANG_WARN_EMPTY_BODY = YES;
				CLANG_WARN_ENUM_CONVERSION = YES;
				CLANG_WARN_INFINITE_RECURSION = YES;
				CLANG_WARN_INT_CONVERSION = YES;
				CLANG_WARN_NON_LITERAL_NULL_CONVERSION = YES;
				CLANG_WARN_OBJC_IMPLICIT_RETAIN_SELF = YES;
				CLANG_WARN_OBJC_LITERAL_CONVERSION = YES;
				CLANG_WARN_OBJC_ROOT_CLASS = YES_ERROR;
				CLANG_WARN_QUOTED_INCLUDE_IN_FRAMEWORK_HEADER = YES;
				CLANG_WARN_RANGE_LOOP_ANALYSIS = YES;
				CLANG_WARN_STRICT_PROTOTYPES = YES;
				CLANG_WARN_SUSPICIOUS_MOVE = YES;
				CLANG_WARN_UNGUARDED_AVAILABILITY = YES_AGGRESSIVE;
				CLANG_WARN_UNREACHABLE_CODE = YES;
				CLANG_WARN__DUPLICATE_METHOD_MATCH = YES;
				COPY_PHASE_STRIP = NO;
				DEBUG_INFORMATION_FORMAT = dwarf;
				ENABLE_STRICT_OBJC_MSGSEND = YES;
				ENABLE_TESTABILITY = YES;
				GCC_C_LANGUAGE_STANDARD = gnu11;
				GCC_DYNAMIC_NO_PIC = NO;
				GCC_NO_COMMON_BLOCKS = YES;
				GCC_OPTIMIZATION_LEVEL = 0;
				GCC_PREPROCESSOR_DEFINITIONS = (
					"DEBUG=1",
					"$(inherited)",
				);
				GCC_WARN_64_TO_32_BIT_CONVERSION = YES;
				GCC_WARN_ABOUT_RETURN_TYPE = YES_ERROR;
				GCC_WARN_UNDECLARED_SELECTOR = YES;
				GCC_WARN_UNINITIALIZED_AUTOS = YES_AGGRESSIVE;
				GCC_WARN_UNUSED_FUNCTION = YES;
				GCC_WARN_UNUSED_VARIABLE = YES;
				IPHONEOS_DEPLOYMENT_TARGET = 16.2;
				MTL_ENABLE_DEBUG_INFO = INCLUDE_SOURCE;
				MTL_FAST_MATH = YES;
				ONLY_ACTIVE_ARCH = YES;
				SDKROOT = iphoneos;
				SWIFT_ACTIVE_COMPILATION_CONDITIONS = DEBUG;
				SWIFT_OPTIMIZATION_LEVEL = "-Onone";
			};
			name = Debug;
		};
		9DD9E4EC29A649260026264D /* Release */ = {
			isa = XCBuildConfiguration;
			buildSettings = {
				ALWAYS_SEARCH_USER_PATHS = NO;
				CLANG_ANALYZER_NONNULL = YES;
				CLANG_ANALYZER_NUMBER_OBJECT_CONVERSION = YES_AGGRESSIVE;
				CLANG_CXX_LANGUAGE_STANDARD = "gnu++20";
				CLANG_ENABLE_MODULES = YES;
				CLANG_ENABLE_OBJC_ARC = YES;
				CLANG_ENABLE_OBJC_WEAK = YES;
				CLANG_WARN_BLOCK_CAPTURE_AUTORELEASING = YES;
				CLANG_WARN_BOOL_CONVERSION = YES;
				CLANG_WARN_COMMA = YES;
				CLANG_WARN_CONSTANT_CONVERSION = YES;
				CLANG_WARN_DEPRECATED_OBJC_IMPLEMENTATIONS = YES;
				CLANG_WARN_DIRECT_OBJC_ISA_USAGE = YES_ERROR;
				CLANG_WARN_DOCUMENTATION_COMMENTS = YES;
				CLANG_WARN_EMPTY_BODY = YES;
				CLANG_WARN_ENUM_CONVERSION = YES;
				CLANG_WARN_INFINITE_RECURSION = YES;
				CLANG_WARN_INT_CONVERSION = YES;
				CLANG_WARN_NON_LITERAL_NULL_CONVERSION = YES;
				CLANG_WARN_OBJC_IMPLICIT_RETAIN_SELF = YES;
				CLANG_WARN_OBJC_LITERAL_CONVERSION = YES;
				CLANG_WARN_OBJC_ROOT_CLASS = YES_ERROR;
				CLANG_WARN_QUOTED_INCLUDE_IN_FRAMEWORK_HEADER = YES;
				CLANG_WARN_RANGE_LOOP_ANALYSIS = YES;
				CLANG_WARN_STRICT_PROTOTYPES = YES;
				CLANG_WARN_SUSPICIOUS_MOVE = YES;
				CLANG_WARN_UNGUARDED_AVAILABILITY = YES_AGGRESSIVE;
				CLANG_WARN_UNREACHABLE_CODE = YES;
				CLANG_WARN__DUPLICATE_METHOD_MATCH = YES;
				COPY_PHASE_STRIP = NO;
				DEBUG_INFORMATION_FORMAT = "dwarf-with-dsym";
				ENABLE_NS_ASSERTIONS = NO;
				ENABLE_STRICT_OBJC_MSGSEND = YES;
				GCC_C_LANGUAGE_STANDARD = gnu11;
				GCC_NO_COMMON_BLOCKS = YES;
				GCC_WARN_64_TO_32_BIT_CONVERSION = YES;
				GCC_WARN_ABOUT_RETURN_TYPE = YES_ERROR;
				GCC_WARN_UNDECLARED_SELECTOR = YES;
				GCC_WARN_UNINITIALIZED_AUTOS = YES_AGGRESSIVE;
				GCC_WARN_UNUSED_FUNCTION = YES;
				GCC_WARN_UNUSED_VARIABLE = YES;
				IPHONEOS_DEPLOYMENT_TARGET = 16.2;
				MTL_ENABLE_DEBUG_INFO = NO;
				MTL_FAST_MATH = YES;
				SDKROOT = iphoneos;
				SWIFT_COMPILATION_MODE = wholemodule;
				SWIFT_OPTIMIZATION_LEVEL = "-O";
				VALIDATE_PRODUCT = YES;
			};
			name = Release;
		};
		9DD9E4EE29A649260026264D /* Debug */ = {
			isa = XCBuildConfiguration;
			buildSettings = {
				ASSETCATALOG_COMPILER_APPICON_NAME = AppIcon;
				ASSETCATALOG_COMPILER_GLOBAL_ACCENT_COLOR_NAME = AccentColor;
				CODE_SIGN_STYLE = Automatic;
				CURRENT_PROJECT_VERSION = 1;
				DEVELOPMENT_ASSET_PATHS = "\"StocksApp/Preview Content\"";
				DEVELOPMENT_TEAM = CJ7PKDWSX4;
				ENABLE_PREVIEWS = YES;
				GENERATE_INFOPLIST_FILE = YES;
				INFOPLIST_KEY_UIApplicationSceneManifest_Generation = YES;
				INFOPLIST_KEY_UIApplicationSupportsIndirectInputEvents = YES;
				INFOPLIST_KEY_UILaunchScreen_Generation = YES;
				INFOPLIST_KEY_UISupportedInterfaceOrientations_iPad = "UIInterfaceOrientationPortrait UIInterfaceOrientationPortraitUpsideDown UIInterfaceOrientationLandscapeLeft UIInterfaceOrientationLandscapeRight";
				INFOPLIST_KEY_UISupportedInterfaceOrientations_iPhone = "UIInterfaceOrientationPortrait UIInterfaceOrientationLandscapeLeft UIInterfaceOrientationLandscapeRight";
				LD_RUNPATH_SEARCH_PATHS = (
					"$(inherited)",
					"@executable_path/Frameworks",
				);
				MARKETING_VERSION = 1.0;
				PRODUCT_BUNDLE_IDENTIFIER = io.github.redsubmarine.StocksApp;
				PRODUCT_NAME = "$(TARGET_NAME)";
				SWIFT_EMIT_LOC_STRINGS = YES;
				SWIFT_VERSION = 5.0;
				TARGETED_DEVICE_FAMILY = "1,2";
			};
			name = Debug;
		};
		9DD9E4EF29A649260026264D /* Release */ = {
			isa = XCBuildConfiguration;
			buildSettings = {
				ASSETCATALOG_COMPILER_APPICON_NAME = AppIcon;
				ASSETCATALOG_COMPILER_GLOBAL_ACCENT_COLOR_NAME = AccentColor;
				CODE_SIGN_STYLE = Automatic;
				CURRENT_PROJECT_VERSION = 1;
				DEVELOPMENT_ASSET_PATHS = "\"StocksApp/Preview Content\"";
				DEVELOPMENT_TEAM = CJ7PKDWSX4;
				ENABLE_PREVIEWS = YES;
				GENERATE_INFOPLIST_FILE = YES;
				INFOPLIST_KEY_UIApplicationSceneManifest_Generation = YES;
				INFOPLIST_KEY_UIApplicationSupportsIndirectInputEvents = YES;
				INFOPLIST_KEY_UILaunchScreen_Generation = YES;
				INFOPLIST_KEY_UISupportedInterfaceOrientations_iPad = "UIInterfaceOrientationPortrait UIInterfaceOrientationPortraitUpsideDown UIInterfaceOrientationLandscapeLeft UIInterfaceOrientationLandscapeRight";
				INFOPLIST_KEY_UISupportedInterfaceOrientations_iPhone = "UIInterfaceOrientationPortrait UIInterfaceOrientationLandscapeLeft UIInterfaceOrientationLandscapeRight";
				LD_RUNPATH_SEARCH_PATHS = (
					"$(inherited)",
					"@executable_path/Frameworks",
				);
				MARKETING_VERSION = 1.0;
				PRODUCT_BUNDLE_IDENTIFIER = io.github.redsubmarine.StocksApp;
				PRODUCT_NAME = "$(TARGET_NAME)";
				SWIFT_EMIT_LOC_STRINGS = YES;
				SWIFT_VERSION = 5.0;
				TARGETED_DEVICE_FAMILY = "1,2";
			};
			name = Release;
		};
		9DD9E4F129A649260026264D /* Debug */ = {
			isa = XCBuildConfiguration;
			buildSettings = {
				ALWAYS_EMBED_SWIFT_STANDARD_LIBRARIES = YES;
				BUNDLE_LOADER = "$(TEST_HOST)";
				CODE_SIGN_STYLE = Automatic;
				CURRENT_PROJECT_VERSION = 1;
				DEVELOPMENT_TEAM = CJ7PKDWSX4;
				GENERATE_INFOPLIST_FILE = YES;
				IPHONEOS_DEPLOYMENT_TARGET = 16.2;
				MARKETING_VERSION = 1.0;
				PRODUCT_BUNDLE_IDENTIFIER = io.github.redsubmarine.StocksAppTests;
				PRODUCT_NAME = "$(TARGET_NAME)";
				SWIFT_EMIT_LOC_STRINGS = NO;
				SWIFT_VERSION = 5.0;
				TARGETED_DEVICE_FAMILY = "1,2";
				TEST_HOST = "$(BUILT_PRODUCTS_DIR)/StocksApp.app/$(BUNDLE_EXECUTABLE_FOLDER_PATH)/StocksApp";
			};
			name = Debug;
		};
		9DD9E4F229A649260026264D /* Release */ = {
			isa = XCBuildConfiguration;
			buildSettings = {
				ALWAYS_EMBED_SWIFT_STANDARD_LIBRARIES = YES;
				BUNDLE_LOADER = "$(TEST_HOST)";
				CODE_SIGN_STYLE = Automatic;
				CURRENT_PROJECT_VERSION = 1;
				DEVELOPMENT_TEAM = CJ7PKDWSX4;
				GENERATE_INFOPLIST_FILE = YES;
				IPHONEOS_DEPLOYMENT_TARGET = 16.2;
				MARKETING_VERSION = 1.0;
				PRODUCT_BUNDLE_IDENTIFIER = io.github.redsubmarine.StocksAppTests;
				PRODUCT_NAME = "$(TARGET_NAME)";
				SWIFT_EMIT_LOC_STRINGS = NO;
				SWIFT_VERSION = 5.0;
				TARGETED_DEVICE_FAMILY = "1,2";
				TEST_HOST = "$(BUILT_PRODUCTS_DIR)/StocksApp.app/$(BUNDLE_EXECUTABLE_FOLDER_PATH)/StocksApp";
			};
			name = Release;
		};
		9DD9E4F429A649260026264D /* Debug */ = {
			isa = XCBuildConfiguration;
			buildSettings = {
				ALWAYS_EMBED_SWIFT_STANDARD_LIBRARIES = YES;
				CODE_SIGN_STYLE = Automatic;
				CURRENT_PROJECT_VERSION = 1;
				DEVELOPMENT_TEAM = CJ7PKDWSX4;
				GENERATE_INFOPLIST_FILE = YES;
				MARKETING_VERSION = 1.0;
				PRODUCT_BUNDLE_IDENTIFIER = io.github.redsubmarine.StocksAppUITests;
				PRODUCT_NAME = "$(TARGET_NAME)";
				SWIFT_EMIT_LOC_STRINGS = NO;
				SWIFT_VERSION = 5.0;
				TARGETED_DEVICE_FAMILY = "1,2";
				TEST_TARGET_NAME = StocksApp;
			};
			name = Debug;
		};
		9DD9E4F529A649260026264D /* Release */ = {
			isa = XCBuildConfiguration;
			buildSettings = {
				ALWAYS_EMBED_SWIFT_STANDARD_LIBRARIES = YES;
				CODE_SIGN_STYLE = Automatic;
				CURRENT_PROJECT_VERSION = 1;
				DEVELOPMENT_TEAM = CJ7PKDWSX4;
				GENERATE_INFOPLIST_FILE = YES;
				MARKETING_VERSION = 1.0;
				PRODUCT_BUNDLE_IDENTIFIER = io.github.redsubmarine.StocksAppUITests;
				PRODUCT_NAME = "$(TARGET_NAME)";
				SWIFT_EMIT_LOC_STRINGS = NO;
				SWIFT_VERSION = 5.0;
				TARGETED_DEVICE_FAMILY = "1,2";
				TEST_TARGET_NAME = StocksApp;
			};
			name = Release;
		};
/* End XCBuildConfiguration section */

/* Begin XCConfigurationList section */
		9DD9E4C429A649250026264D /* Build configuration list for PBXProject "StocksApp" */ = {
			isa = XCConfigurationList;
			buildConfigurations = (
				9DD9E4EB29A649260026264D /* Debug */,
				9DD9E4EC29A649260026264D /* Release */,
			);
			defaultConfigurationIsVisible = 0;
			defaultConfigurationName = Release;
		};
		9DD9E4ED29A649260026264D /* Build configuration list for PBXNativeTarget "StocksApp" */ = {
			isa = XCConfigurationList;
			buildConfigurations = (
				9DD9E4EE29A649260026264D /* Debug */,
				9DD9E4EF29A649260026264D /* Release */,
			);
			defaultConfigurationIsVisible = 0;
			defaultConfigurationName = Release;
		};
		9DD9E4F029A649260026264D /* Build configuration list for PBXNativeTarget "StocksAppTests" */ = {
			isa = XCConfigurationList;
			buildConfigurations = (
				9DD9E4F129A649260026264D /* Debug */,
				9DD9E4F229A649260026264D /* Release */,
			);
			defaultConfigurationIsVisible = 0;
			defaultConfigurationName = Release;
		};
		9DD9E4F329A649260026264D /* Build configuration list for PBXNativeTarget "StocksAppUITests" */ = {
			isa = XCConfigurationList;
			buildConfigurations = (
				9DD9E4F429A649260026264D /* Debug */,
				9DD9E4F529A649260026264D /* Release */,
			);
			defaultConfigurationIsVisible = 0;
			defaultConfigurationName = Release;
		};
/* End XCConfigurationList section */

/* Begin XCRemoteSwiftPackageReference section */
		9DD9E51629A669560026264D /* XCRemoteSwiftPackageReference "StocksAPI_SPM" */ = {
			isa = XCRemoteSwiftPackageReference;
			repositoryURL = "git@github.com:redsubmarine/StocksAPI_SPM.git";
			requirement = {
				kind = revision;
				revision = 3ae2123ddbe8a83de68dae9e6f739da9a3473de0;
			};
		};
/* End XCRemoteSwiftPackageReference section */

/* Begin XCSwiftPackageProductDependency section */
		9DD9E51729A669560026264D /* StocksAPI */ = {
			isa = XCSwiftPackageProductDependency;
			package = 9DD9E51629A669560026264D /* XCRemoteSwiftPackageReference "StocksAPI_SPM" */;
			productName = StocksAPI;
		};
/* End XCSwiftPackageProductDependency section */
	};
	rootObject = 9DD9E4C129A649250026264D /* Project object */;
}
